
Microsoft Visual Studio Solution File, Format Version 12.00
# Visual Studio Version 16
VisualStudioVersion = 16.0.30907.101
MinimumVisualStudioVersion = 15.0.26124.0
Project("{FAE04EC0-301F-11D3-BF4B-00C04F79EFBC}") = "AuthenticationService", "AuthenticationService\AuthenticationService.csproj", "{D623753D-6C9F-4705-B6FD-8ECEBB4D1006}"
EndProject
Project("{E53339B2-1760-4266-BCC7-CA923CBCF16C}") = "docker-compose", "docker-compose.dcproj", "{7D1C12C6-EA7B-4FAC-802A-F461F03CB160}"
EndProject
Global
	GlobalSection(SolutionConfigurationPlatforms) = preSolution
		Debug|Any CPU = Debug|Any CPU
		Debug|x64 = Debug|x64
		Debug|x86 = Debug|x86
		Release|Any CPU = Release|Any CPU
		Release|x64 = Release|x64
		Release|x86 = Release|x86
	EndGlobalSection
	GlobalSection(ProjectConfigurationPlatforms) = postSolution
		{D623753D-6C9F-4705-B6FD-8ECEBB4D1006}.Debug|Any CPU.ActiveCfg = Debug|Any CPU
		{D623753D-6C9F-4705-B6FD-8ECEBB4D1006}.Debug|Any CPU.Build.0 = Debug|Any CPU
		{D623753D-6C9F-4705-B6FD-8ECEBB4D1006}.Debug|x64.ActiveCfg = Debug|Any CPU
		{D623753D-6C9F-4705-B6FD-8ECEBB4D1006}.Debug|x64.Build.0 = Debug|Any CPU
		{D623753D-6C9F-4705-B6FD-8ECEBB4D1006}.Debug|x86.ActiveCfg = Debug|Any CPU
		{D623753D-6C9F-4705-B6FD-8ECEBB4D1006}.Debug|x86.Build.0 = Debug|Any CPU
		{D623753D-6C9F-4705-B6FD-8ECEBB4D1006}.Release|Any CPU.ActiveCfg = Release|Any CPU
		{D623753D-6C9F-4705-B6FD-8ECEBB4D1006}.Release|Any CPU.Build.0 = Release|Any CPU
		{D623753D-6C9F-4705-B6FD-8ECEBB4D1006}.Release|x64.ActiveCfg = Release|Any CPU
		{D623753D-6C9F-4705-B6FD-8ECEBB4D1006}.Release|x64.Build.0 = Release|Any CPU
		{D623753D-6C9F-4705-B6FD-8ECEBB4D1006}.Release|x86.ActiveCfg = Release|Any CPU
		{D623753D-6C9F-4705-B6FD-8ECEBB4D1006}.Release|x86.Build.0 = Release|Any CPU
		{7D1C12C6-EA7B-4FAC-802A-F461F03CB160}.Debug|Any CPU.ActiveCfg = Debug|Any CPU
		{7D1C12C6-EA7B-4FAC-802A-F461F03CB160}.Debug|Any CPU.Build.0 = Debug|Any CPU
		{7D1C12C6-EA7B-4FAC-802A-F461F03CB160}.Debug|x64.ActiveCfg = Debug|Any CPU
		{7D1C12C6-EA7B-4FAC-802A-F461F03CB160}.Debug|x64.Build.0 = Debug|Any CPU
		{7D1C12C6-EA7B-4FAC-802A-F461F03CB160}.Debug|x86.ActiveCfg = Debug|Any CPU
		{7D1C12C6-EA7B-4FAC-802A-F461F03CB160}.Debug|x86.Build.0 = Debug|Any CPU
		{7D1C12C6-EA7B-4FAC-802A-F461F03CB160}.Release|Any CPU.ActiveCfg = Release|Any CPU
		{7D1C12C6-EA7B-4FAC-802A-F461F03CB160}.Release|Any CPU.Build.0 = Release|Any CPU
		{7D1C12C6-EA7B-4FAC-802A-F461F03CB160}.Release|x64.ActiveCfg = Release|Any CPU
		{7D1C12C6-EA7B-4FAC-802A-F461F03CB160}.Release|x64.Build.0 = Release|Any CPU
		{7D1C12C6-EA7B-4FAC-802A-F461F03CB160}.Release|x86.ActiveCfg = Release|Any CPU
		{7D1C12C6-EA7B-4FAC-802A-F461F03CB160}.Release|x86.Build.0 = Release|Any CPU
	EndGlobalSection
	GlobalSection(SolutionProperties) = preSolution
		HideSolutionNode = FALSE
	EndGlobalSection
	GlobalSection(ExtensibilityGlobals) = postSolution
		SolutionGuid = {946D41A5-C62E-4E50-AAF7-277BAFC7D8B8}
	EndGlobalSection
EndGlobal
